
Microsoft Visual Studio Solution File, Format Version 12.00
# Visual Studio 14
VisualStudioVersion = 14.0.24720.0
MinimumVisualStudioVersion = 10.0.40219.1
Project("{FAE04EC0-301F-11D3-BF4B-00C04F79EFBC}") = "ImageService", "ImageUtil\ImageService.csproj", "{874B8F7E-5F40-4D9C-A1E6-8C08C6249FDA}"
EndProject
Project("{FAE04EC0-301F-11D3-BF4B-00C04F79EFBC}") = "GetWebSitesToJPG - FrontEnd", "GetWebSitesToJPG\GetWebSitesToJPG - FrontEnd.csproj", "{4495A7C5-65B7-4893-9584-D479C200A4AE}"
EndProject
Project("{FAE04EC0-301F-11D3-BF4B-00C04F79EFBC}") = "WEbBrowserTest", "..\WEbBrowserTest\WEbBrowserTest\WEbBrowserTest.csproj", "{AA76AF95-C3A1-4DCA-8AF2-8899F11580AD}"
EndProject
Project("{FAE04EC0-301F-11D3-BF4B-00C04F79EFBC}") = "GetWebSitesToJPG - BackEnd", "GetWebSitesToJPG - BackEnd\GetWebSitesToJPG - BackEnd.csproj", "{4EC8B5D1-EFBF-4933-BC87-90A2829AD779}"
EndProject
Project("{FAE04EC0-301F-11D3-BF4B-00C04F79EFBC}") = "Citrius.Owin.Security.Foursquare", "..\..\..\..\Desktop\To_Delete\WebsiteToJPG\Citrius.Owin.Security.Foursquare-master\Citrius.Owin.Security.Foursquare\Citrius.Owin.Security.Foursquare.csproj", "{9FD72CAA-0950-4D99-89BB-9C2F852D7D1C}"
EndProject
Project("{FAE04EC0-301F-11D3-BF4B-00C04F79EFBC}") = "ServerUsersOwinAuth", "ServerUsersOwinAuth\ServerUsersOwinAuth.csproj", "{6758CA97-81CE-4F85-B208-1F6D046E224A}"
EndProject
Project("{2150E333-8FDC-42A3-9474-1A3956D46DE8}") = "Solution Items", "Solution Items", "{89BE3E46-D6D4-47F4-A0D0-DD25DD972A9C}"
	ProjectSection(SolutionItems) = preProject
		WebEssentials2015-Settings.json = WebEssentials2015-Settings.json
	EndProjectSection
EndProject
Project("{FAE04EC0-301F-11D3-BF4B-00C04F79EFBC}") = "IcommktOwinAuth", "IcommktOwinAuth\IcommktOwinAuth.csproj", "{4532B2FE-2BA1-4FD0-AC42-EF6D04EE76A8}"
EndProject
Global
	GlobalSection(SolutionConfigurationPlatforms) = preSolution
		Debug|Any CPU = Debug|Any CPU
		Release|Any CPU = Release|Any CPU
	EndGlobalSection
	GlobalSection(ProjectConfigurationPlatforms) = postSolution
		{874B8F7E-5F40-4D9C-A1E6-8C08C6249FDA}.Debug|Any CPU.ActiveCfg = Debug|Any CPU
		{874B8F7E-5F40-4D9C-A1E6-8C08C6249FDA}.Debug|Any CPU.Build.0 = Debug|Any CPU
		{874B8F7E-5F40-4D9C-A1E6-8C08C6249FDA}.Release|Any CPU.ActiveCfg = Release|Any CPU
		{874B8F7E-5F40-4D9C-A1E6-8C08C6249FDA}.Release|Any CPU.Build.0 = Release|Any CPU
		{4495A7C5-65B7-4893-9584-D479C200A4AE}.Debug|Any CPU.ActiveCfg = Debug|Any CPU
		{4495A7C5-65B7-4893-9584-D479C200A4AE}.Debug|Any CPU.Build.0 = Debug|Any CPU
		{4495A7C5-65B7-4893-9584-D479C200A4AE}.Release|Any CPU.ActiveCfg = Release|Any CPU
		{4495A7C5-65B7-4893-9584-D479C200A4AE}.Release|Any CPU.Build.0 = Release|Any CPU
		{AA76AF95-C3A1-4DCA-8AF2-8899F11580AD}.Debug|Any CPU.ActiveCfg = Debug|Any CPU
		{AA76AF95-C3A1-4DCA-8AF2-8899F11580AD}.Debug|Any CPU.Build.0 = Debug|Any CPU
		{AA76AF95-C3A1-4DCA-8AF2-8899F11580AD}.Release|Any CPU.ActiveCfg = Release|Any CPU
		{AA76AF95-C3A1-4DCA-8AF2-8899F11580AD}.Release|Any CPU.Build.0 = Release|Any CPU
		{4EC8B5D1-EFBF-4933-BC87-90A2829AD779}.Debug|Any CPU.ActiveCfg = Debug|Any CPU
		{4EC8B5D1-EFBF-4933-BC87-90A2829AD779}.Debug|Any CPU.Build.0 = Debug|Any CPU
		{4EC8B5D1-EFBF-4933-BC87-90A2829AD779}.Release|Any CPU.ActiveCfg = Release|Any CPU
		{4EC8B5D1-EFBF-4933-BC87-90A2829AD779}.Release|Any CPU.Build.0 = Release|Any CPU
		{9FD72CAA-0950-4D99-89BB-9C2F852D7D1C}.Debug|Any CPU.ActiveCfg = Debug|Any CPU
		{9FD72CAA-0950-4D99-89BB-9C2F852D7D1C}.Debug|Any CPU.Build.0 = Debug|Any CPU
		{9FD72CAA-0950-4D99-89BB-9C2F852D7D1C}.Release|Any CPU.ActiveCfg = Release|Any CPU
		{9FD72CAA-0950-4D99-89BB-9C2F852D7D1C}.Release|Any CPU.Build.0 = Release|Any CPU
		{6758CA97-81CE-4F85-B208-1F6D046E224A}.Debug|Any CPU.ActiveCfg = Debug|Any CPU
		{6758CA97-81CE-4F85-B208-1F6D046E224A}.Debug|Any CPU.Build.0 = Debug|Any CPU
		{6758CA97-81CE-4F85-B208-1F6D046E224A}.Release|Any CPU.ActiveCfg = Release|Any CPU
		{6758CA97-81CE-4F85-B208-1F6D046E224A}.Release|Any CPU.Build.0 = Release|Any CPU
		{4532B2FE-2BA1-4FD0-AC42-EF6D04EE76A8}.Debug|Any CPU.ActiveCfg = Debug|Any CPU
		{4532B2FE-2BA1-4FD0-AC42-EF6D04EE76A8}.Debug|Any CPU.Build.0 = Debug|Any CPU
		{4532B2FE-2BA1-4FD0-AC42-EF6D04EE76A8}.Release|Any CPU.ActiveCfg = Release|Any CPU
		{4532B2FE-2BA1-4FD0-AC42-EF6D04EE76A8}.Release|Any CPU.Build.0 = Release|Any CPU
	EndGlobalSection
	GlobalSection(SolutionProperties) = preSolution
		HideSolutionNode = FALSE
	EndGlobalSection
EndGlobal
