
Microsoft Visual Studio Solution File, Format Version 12.00
# Visual Studio 14
VisualStudioVersion = 14.0.24720.0
MinimumVisualStudioVersion = 10.0.40219.1
Project("{FAE04EC0-301F-11D3-BF4B-00C04F79EFBC}") = "ImageService", "ImageUtil\ImageService.csproj", "{874B8F7E-5F40-4D9C-A1E6-8C08C6249FDA}"
EndProject
Project("{FAE04EC0-301F-11D3-BF4B-00C04F79EFBC}") = "GetWebSitesToJPG - FrontEnd", "GetWebSitesToJPG\GetWebSitesToJPG - FrontEnd.csproj", "{4495A7C5-65B7-4893-9584-D479C200A4AE}"
EndProject
Project("{FAE04EC0-301F-11D3-BF4B-00C04F79EFBC}") = "WEbBrowserTest", "..\WEbBrowserTest\WEbBrowserTest\WEbBrowserTest.csproj", "{AA76AF95-C3A1-4DCA-8AF2-8899F11580AD}"
EndProject
Project("{FAE04EC0-301F-11D3-BF4B-00C04F79EFBC}") = "GetWebSitesWithLogon", "GetWebSitesWithLogon\GetWebSitesWithLogon.csproj", "{324365E2-8A42-4F79-A139-5451D80BB76F}"
EndProject
Project("{FAE04EC0-301F-11D3-BF4B-00C04F79EFBC}") = "GetWebSitesToJPG - BackEnd", "GetWebSitesToJPG - BackEnd\GetWebSitesToJPG - BackEnd.csproj", "{4EC8B5D1-EFBF-4933-BC87-90A2829AD779}"
EndProject
Project("{FAE04EC0-301F-11D3-BF4B-00C04F79EFBC}") = "MainApp", "MainApp\MainApp.csproj", "{40EEF67E-348E-4988-8A87-FF9C8D9B645F}"
EndProject
Project("{FAE04EC0-301F-11D3-BF4B-00C04F79EFBC}") = "PruebaOwinIconmkt", "..\jrilheu.Owin.Security.Icommkt\PruebaOwinIconmkt\PruebaOwinIconmkt.csproj", "{AAD75C18-F4D4-443D-9D6A-60162CCD3971}"
EndProject
Project("{FAE04EC0-301F-11D3-BF4B-00C04F79EFBC}") = "IcommktOwinAuth", "IcommktOwinAuth\IcommktOwinAuth.csproj", "{C0017F29-A6C9-494A-809C-A4899055476E}"
EndProject
Global
	GlobalSection(SolutionConfigurationPlatforms) = preSolution
		Debug|Any CPU = Debug|Any CPU
		Release|Any CPU = Release|Any CPU
	EndGlobalSection
	GlobalSection(ProjectConfigurationPlatforms) = postSolution
		{874B8F7E-5F40-4D9C-A1E6-8C08C6249FDA}.Debug|Any CPU.ActiveCfg = Debug|Any CPU
		{874B8F7E-5F40-4D9C-A1E6-8C08C6249FDA}.Debug|Any CPU.Build.0 = Debug|Any CPU
		{874B8F7E-5F40-4D9C-A1E6-8C08C6249FDA}.Release|Any CPU.ActiveCfg = Release|Any CPU
		{874B8F7E-5F40-4D9C-A1E6-8C08C6249FDA}.Release|Any CPU.Build.0 = Release|Any CPU
		{4495A7C5-65B7-4893-9584-D479C200A4AE}.Debug|Any CPU.ActiveCfg = Debug|Any CPU
		{4495A7C5-65B7-4893-9584-D479C200A4AE}.Debug|Any CPU.Build.0 = Debug|Any CPU
		{4495A7C5-65B7-4893-9584-D479C200A4AE}.Release|Any CPU.ActiveCfg = Release|Any CPU
		{4495A7C5-65B7-4893-9584-D479C200A4AE}.Release|Any CPU.Build.0 = Release|Any CPU
		{AA76AF95-C3A1-4DCA-8AF2-8899F11580AD}.Debug|Any CPU.ActiveCfg = Debug|Any CPU
		{AA76AF95-C3A1-4DCA-8AF2-8899F11580AD}.Debug|Any CPU.Build.0 = Debug|Any CPU
		{AA76AF95-C3A1-4DCA-8AF2-8899F11580AD}.Release|Any CPU.ActiveCfg = Release|Any CPU
		{AA76AF95-C3A1-4DCA-8AF2-8899F11580AD}.Release|Any CPU.Build.0 = Release|Any CPU
		{324365E2-8A42-4F79-A139-5451D80BB76F}.Debug|Any CPU.ActiveCfg = Debug|Any CPU
		{324365E2-8A42-4F79-A139-5451D80BB76F}.Debug|Any CPU.Build.0 = Debug|Any CPU
		{324365E2-8A42-4F79-A139-5451D80BB76F}.Release|Any CPU.ActiveCfg = Release|Any CPU
		{324365E2-8A42-4F79-A139-5451D80BB76F}.Release|Any CPU.Build.0 = Release|Any CPU
		{4EC8B5D1-EFBF-4933-BC87-90A2829AD779}.Debug|Any CPU.ActiveCfg = Debug|Any CPU
		{4EC8B5D1-EFBF-4933-BC87-90A2829AD779}.Debug|Any CPU.Build.0 = Debug|Any CPU
		{4EC8B5D1-EFBF-4933-BC87-90A2829AD779}.Release|Any CPU.ActiveCfg = Release|Any CPU
		{4EC8B5D1-EFBF-4933-BC87-90A2829AD779}.Release|Any CPU.Build.0 = Release|Any CPU
		{40EEF67E-348E-4988-8A87-FF9C8D9B645F}.Debug|Any CPU.ActiveCfg = Debug|Any CPU
		{40EEF67E-348E-4988-8A87-FF9C8D9B645F}.Debug|Any CPU.Build.0 = Debug|Any CPU
		{40EEF67E-348E-4988-8A87-FF9C8D9B645F}.Release|Any CPU.ActiveCfg = Release|Any CPU
		{40EEF67E-348E-4988-8A87-FF9C8D9B645F}.Release|Any CPU.Build.0 = Release|Any CPU
		{AAD75C18-F4D4-443D-9D6A-60162CCD3971}.Debug|Any CPU.ActiveCfg = Debug|Any CPU
		{AAD75C18-F4D4-443D-9D6A-60162CCD3971}.Debug|Any CPU.Build.0 = Debug|Any CPU
		{AAD75C18-F4D4-443D-9D6A-60162CCD3971}.Release|Any CPU.ActiveCfg = Release|Any CPU
		{AAD75C18-F4D4-443D-9D6A-60162CCD3971}.Release|Any CPU.Build.0 = Release|Any CPU
		{C0017F29-A6C9-494A-809C-A4899055476E}.Debug|Any CPU.ActiveCfg = Debug|Any CPU
		{C0017F29-A6C9-494A-809C-A4899055476E}.Debug|Any CPU.Build.0 = Debug|Any CPU
		{C0017F29-A6C9-494A-809C-A4899055476E}.Release|Any CPU.ActiveCfg = Release|Any CPU
		{C0017F29-A6C9-494A-809C-A4899055476E}.Release|Any CPU.Build.0 = Release|Any CPU
	EndGlobalSection
	GlobalSection(SolutionProperties) = preSolution
		HideSolutionNode = FALSE
	EndGlobalSection
EndGlobal
